
Microsoft Visual Studio Solution File, Format Version 12.00
# Visual Studio 15
VisualStudioVersion = 15.0.28307.757
MinimumVisualStudioVersion = 10.0.40219.1
Project("{FAE04EC0-301F-11D3-BF4B-00C04F79EFBC}") = "SalesWebMvc", "SalesWebMvc\SalesWebMvc.csproj", "{438D21BC-37EC-4EAD-8BE1-651F537500BB}"
EndProject
Global
	GlobalSection(SolutionConfigurationPlatforms) = preSolution
		Debug|Any CPU = Debug|Any CPU
		Release|Any CPU = Release|Any CPU
	EndGlobalSection
	GlobalSection(ProjectConfigurationPlatforms) = postSolution
		{438D21BC-37EC-4EAD-8BE1-651F537500BB}.Debug|Any CPU.ActiveCfg = Debug|Any CPU
		{438D21BC-37EC-4EAD-8BE1-651F537500BB}.Debug|Any CPU.Build.0 = Debug|Any CPU
		{438D21BC-37EC-4EAD-8BE1-651F537500BB}.Release|Any CPU.ActiveCfg = Release|Any CPU
		{438D21BC-37EC-4EAD-8BE1-651F537500BB}.Release|Any CPU.Build.0 = Release|Any CPU
	EndGlobalSection
	GlobalSection(SolutionProperties) = preSolution
		HideSolutionNode = FALSE
	EndGlobalSection
	GlobalSection(ExtensibilityGlobals) = postSolution
		SolutionGuid = {E44E965B-0AB4-4A59-B02D-072D8E45F923}
	EndGlobalSection
EndGlobal
